// !$*UTF8*$!
{
	archiveVersion = 1;
	classes = {
	};
	objectVersion = 48;
	objects = {

/* Begin PBXBuildFile section */
		2B3569F36C91AE4298E93AD0 /* Pods_RxMVVMTests.framework in Frameworks */ = {isa = PBXBuildFile; fileRef = 1865CE2438ACD6E91419808F /* Pods_RxMVVMTests.framework */; };
		4AA3607C1FEDF7F5001664D7 /* AppDelegate.swift in Sources */ = {isa = PBXBuildFile; fileRef = 4AA3607B1FEDF7F5001664D7 /* AppDelegate.swift */; };
		4AA3607E1FEDF7F5001664D7 /* ViewController.swift in Sources */ = {isa = PBXBuildFile; fileRef = 4AA3607D1FEDF7F5001664D7 /* ViewController.swift */; };
		4AA360811FEDF7F5001664D7 /* Main.storyboard in Resources */ = {isa = PBXBuildFile; fileRef = 4AA3607F1FEDF7F5001664D7 /* Main.storyboard */; };
		4AA360831FEDF7F5001664D7 /* Assets.xcassets in Resources */ = {isa = PBXBuildFile; fileRef = 4AA360821FEDF7F5001664D7 /* Assets.xcassets */; };
		4AA360861FEDF7F5001664D7 /* LaunchScreen.storyboard in Resources */ = {isa = PBXBuildFile; fileRef = 4AA360841FEDF7F5001664D7 /* LaunchScreen.storyboard */; };
		4AA360911FEDF7F5001664D7 /* RxMVVMTests.swift in Sources */ = {isa = PBXBuildFile; fileRef = 4AA360901FEDF7F5001664D7 /* RxMVVMTests.swift */; };
		4AA3609C1FEDF7F5001664D7 /* RxMVVMUITests.swift in Sources */ = {isa = PBXBuildFile; fileRef = 4AA3609B1FEDF7F5001664D7 /* RxMVVMUITests.swift */; };
		4AA360AA1FEDF83D001664D7 /* RepoItemsViewModel.swift in Sources */ = {isa = PBXBuildFile; fileRef = 4AA360A91FEDF83D001664D7 /* RepoItemsViewModel.swift */; };
		4AA360AC1FEDF84A001664D7 /* Model.swift in Sources */ = {isa = PBXBuildFile; fileRef = 4AA360AB1FEDF84A001664D7 /* Model.swift */; };
		4AA360AE1FEDF853001664D7 /* Service.swift in Sources */ = {isa = PBXBuildFile; fileRef = 4AA360AD1FEDF853001664D7 /* Service.swift */; };
		4AF8434A1FEDFF30005784C7 /* CellModel.swift in Sources */ = {isa = PBXBuildFile; fileRef = 4AF843491FEDFF30005784C7 /* CellModel.swift */; };
		4AF8434C1FEDFF3B005784C7 /* RepoItemViewModel.swift in Sources */ = {isa = PBXBuildFile; fileRef = 4AF8434B1FEDFF3B005784C7 /* RepoItemViewModel.swift */; };
		B089FD4C17B037F3CF6D306A /* Pods_RxMVVM.framework in Frameworks */ = {isa = PBXBuildFile; fileRef = 3FF3DA5AB5288900DBFCB512 /* Pods_RxMVVM.framework */; };
		C8847267B62A56CFA93832AD /* Pods_RxMVVMUITests.framework in Frameworks */ = {isa = PBXBuildFile; fileRef = 31465AF4E1CFAA637CEA0D28 /* Pods_RxMVVMUITests.framework */; };
/* End PBXBuildFile section */

/* Begin PBXContainerItemProxy section */
		4AA3608D1FEDF7F5001664D7 /* PBXContainerItemProxy */ = {
			isa = PBXContainerItemProxy;
			containerPortal = 4AA360701FEDF7F5001664D7 /* Project object */;
			proxyType = 1;
			remoteGlobalIDString = 4AA360771FEDF7F5001664D7;
			remoteInfo = RxMVVM;
		};
		4AA360981FEDF7F5001664D7 /* PBXContainerItemProxy */ = {
			isa = PBXContainerItemProxy;
			containerPortal = 4AA360701FEDF7F5001664D7 /* Project object */;
			proxyType = 1;
			remoteGlobalIDString = 4AA360771FEDF7F5001664D7;
			remoteInfo = RxMVVM;
		};
/* End PBXContainerItemProxy section */

/* Begin PBXFileReference section */
		0574121A53D6E8D68910ED7B /* Pods-RxMVVMUITests.release.xcconfig */ = {isa = PBXFileReference; includeInIndex = 1; lastKnownFileType = text.xcconfig; name = "Pods-RxMVVMUITests.release.xcconfig"; path = "Pods/Target Support Files/Pods-RxMVVMUITests/Pods-RxMVVMUITests.release.xcconfig"; sourceTree = "<group>"; };
		1865CE2438ACD6E91419808F /* Pods_RxMVVMTests.framework */ = {isa = PBXFileReference; explicitFileType = wrapper.framework; includeInIndex = 0; path = Pods_RxMVVMTests.framework; sourceTree = BUILT_PRODUCTS_DIR; };
		31465AF4E1CFAA637CEA0D28 /* Pods_RxMVVMUITests.framework */ = {isa = PBXFileReference; explicitFileType = wrapper.framework; includeInIndex = 0; path = Pods_RxMVVMUITests.framework; sourceTree = BUILT_PRODUCTS_DIR; };
		37F08E62504FFFEFBD99C192 /* Pods-RxMVVM.debug.xcconfig */ = {isa = PBXFileReference; includeInIndex = 1; lastKnownFileType = text.xcconfig; name = "Pods-RxMVVM.debug.xcconfig"; path = "Pods/Target Support Files/Pods-RxMVVM/Pods-RxMVVM.debug.xcconfig"; sourceTree = "<group>"; };
		3E613457EC8F234A10BE9FB9 /* Pods-RxMVVMTests.release.xcconfig */ = {isa = PBXFileReference; includeInIndex = 1; lastKnownFileType = text.xcconfig; name = "Pods-RxMVVMTests.release.xcconfig"; path = "Pods/Target Support Files/Pods-RxMVVMTests/Pods-RxMVVMTests.release.xcconfig"; sourceTree = "<group>"; };
		3FF3DA5AB5288900DBFCB512 /* Pods_RxMVVM.framework */ = {isa = PBXFileReference; explicitFileType = wrapper.framework; includeInIndex = 0; path = Pods_RxMVVM.framework; sourceTree = BUILT_PRODUCTS_DIR; };
		4AA360781FEDF7F5001664D7 /* RxMVVM.app */ = {isa = PBXFileReference; explicitFileType = wrapper.application; includeInIndex = 0; path = RxMVVM.app; sourceTree = BUILT_PRODUCTS_DIR; };
		4AA3607B1FEDF7F5001664D7 /* AppDelegate.swift */ = {isa = PBXFileReference; lastKnownFileType = sourcecode.swift; path = AppDelegate.swift; sourceTree = "<group>"; };
		4AA3607D1FEDF7F5001664D7 /* ViewController.swift */ = {isa = PBXFileReference; lastKnownFileType = sourcecode.swift; path = ViewController.swift; sourceTree = "<group>"; };
		4AA360801FEDF7F5001664D7 /* Base */ = {isa = PBXFileReference; lastKnownFileType = file.storyboard; name = Base; path = Base.lproj/Main.storyboard; sourceTree = "<group>"; };
		4AA360821FEDF7F5001664D7 /* Assets.xcassets */ = {isa = PBXFileReference; lastKnownFileType = folder.assetcatalog; path = Assets.xcassets; sourceTree = "<group>"; };
		4AA360851FEDF7F5001664D7 /* Base */ = {isa = PBXFileReference; lastKnownFileType = file.storyboard; name = Base; path = Base.lproj/LaunchScreen.storyboard; sourceTree = "<group>"; };
		4AA360871FEDF7F5001664D7 /* Info.plist */ = {isa = PBXFileReference; lastKnownFileType = text.plist.xml; path = Info.plist; sourceTree = "<group>"; };
		4AA3608C1FEDF7F5001664D7 /* RxMVVMTests.xctest */ = {isa = PBXFileReference; explicitFileType = wrapper.cfbundle; includeInIndex = 0; path = RxMVVMTests.xctest; sourceTree = BUILT_PRODUCTS_DIR; };
		4AA360901FEDF7F5001664D7 /* RxMVVMTests.swift */ = {isa = PBXFileReference; lastKnownFileType = sourcecode.swift; path = RxMVVMTests.swift; sourceTree = "<group>"; };
		4AA360921FEDF7F5001664D7 /* Info.plist */ = {isa = PBXFileReference; lastKnownFileType = text.plist.xml; path = Info.plist; sourceTree = "<group>"; };
		4AA360971FEDF7F5001664D7 /* RxMVVMUITests.xctest */ = {isa = PBXFileReference; explicitFileType = wrapper.cfbundle; includeInIndex = 0; path = RxMVVMUITests.xctest; sourceTree = BUILT_PRODUCTS_DIR; };
		4AA3609B1FEDF7F5001664D7 /* RxMVVMUITests.swift */ = {isa = PBXFileReference; lastKnownFileType = sourcecode.swift; path = RxMVVMUITests.swift; sourceTree = "<group>"; };
		4AA3609D1FEDF7F5001664D7 /* Info.plist */ = {isa = PBXFileReference; lastKnownFileType = text.plist.xml; path = Info.plist; sourceTree = "<group>"; };
		4AA360A91FEDF83D001664D7 /* RepoItemsViewModel.swift */ = {isa = PBXFileReference; lastKnownFileType = sourcecode.swift; path = RepoItemsViewModel.swift; sourceTree = "<group>"; };
		4AA360AB1FEDF84A001664D7 /* Model.swift */ = {isa = PBXFileReference; lastKnownFileType = sourcecode.swift; path = Model.swift; sourceTree = "<group>"; };
		4AA360AD1FEDF853001664D7 /* Service.swift */ = {isa = PBXFileReference; lastKnownFileType = sourcecode.swift; path = Service.swift; sourceTree = "<group>"; };
		4AF843491FEDFF30005784C7 /* CellModel.swift */ = {isa = PBXFileReference; lastKnownFileType = sourcecode.swift; path = CellModel.swift; sourceTree = "<group>"; };
		4AF8434B1FEDFF3B005784C7 /* RepoItemViewModel.swift */ = {isa = PBXFileReference; lastKnownFileType = sourcecode.swift; path = RepoItemViewModel.swift; sourceTree = "<group>"; };
		71536051B1E2D4D14E610F62 /* Pods-RxMVVMTests.debug.xcconfig */ = {isa = PBXFileReference; includeInIndex = 1; lastKnownFileType = text.xcconfig; name = "Pods-RxMVVMTests.debug.xcconfig"; path = "Pods/Target Support Files/Pods-RxMVVMTests/Pods-RxMVVMTests.debug.xcconfig"; sourceTree = "<group>"; };
		8FD67F1A6C31E27F4194691F /* Pods-RxMVVM.release.xcconfig */ = {isa = PBXFileReference; includeInIndex = 1; lastKnownFileType = text.xcconfig; name = "Pods-RxMVVM.release.xcconfig"; path = "Pods/Target Support Files/Pods-RxMVVM/Pods-RxMVVM.release.xcconfig"; sourceTree = "<group>"; };
		BBF97DC14379ACA2D1221FC2 /* Pods-RxMVVMUITests.debug.xcconfig */ = {isa = PBXFileReference; includeInIndex = 1; lastKnownFileType = text.xcconfig; name = "Pods-RxMVVMUITests.debug.xcconfig"; path = "Pods/Target Support Files/Pods-RxMVVMUITests/Pods-RxMVVMUITests.debug.xcconfig"; sourceTree = "<group>"; };
/* End PBXFileReference section */

/* Begin PBXFrameworksBuildPhase section */
		4AA360751FEDF7F5001664D7 /* Frameworks */ = {
			isa = PBXFrameworksBuildPhase;
			buildActionMask = 2147483647;
			files = (
				B089FD4C17B037F3CF6D306A /* Pods_RxMVVM.framework in Frameworks */,
			);
			runOnlyForDeploymentPostprocessing = 0;
		};
		4AA360891FEDF7F5001664D7 /* Frameworks */ = {
			isa = PBXFrameworksBuildPhase;
			buildActionMask = 2147483647;
			files = (
				2B3569F36C91AE4298E93AD0 /* Pods_RxMVVMTests.framework in Frameworks */,
			);
			runOnlyForDeploymentPostprocessing = 0;
		};
		4AA360941FEDF7F5001664D7 /* Frameworks */ = {
			isa = PBXFrameworksBuildPhase;
			buildActionMask = 2147483647;
			files = (
				C8847267B62A56CFA93832AD /* Pods_RxMVVMUITests.framework in Frameworks */,
			);
			runOnlyForDeploymentPostprocessing = 0;
		};
/* End PBXFrameworksBuildPhase section */

/* Begin PBXGroup section */
		4AA3606F1FEDF7F5001664D7 = {
			isa = PBXGroup;
			children = (
				4AA3607A1FEDF7F5001664D7 /* RxMVVM */,
				4AA3608F1FEDF7F5001664D7 /* RxMVVMTests */,
				4AA3609A1FEDF7F5001664D7 /* RxMVVMUITests */,
				4AA360791FEDF7F5001664D7 /* Products */,
				8EB2C417FD9A8A16595373C0 /* Pods */,
				B8C16D98F887E4A78FD8215D /* Frameworks */,
			);
			sourceTree = "<group>";
		};
		4AA360791FEDF7F5001664D7 /* Products */ = {
			isa = PBXGroup;
			children = (
				4AA360781FEDF7F5001664D7 /* RxMVVM.app */,
				4AA3608C1FEDF7F5001664D7 /* RxMVVMTests.xctest */,
				4AA360971FEDF7F5001664D7 /* RxMVVMUITests.xctest */,
			);
			name = Products;
			sourceTree = "<group>";
		};
		4AA3607A1FEDF7F5001664D7 /* RxMVVM */ = {
			isa = PBXGroup;
			children = (
				4AA3607B1FEDF7F5001664D7 /* AppDelegate.swift */,
				4AA3607D1FEDF7F5001664D7 /* ViewController.swift */,
				4AA360A91FEDF83D001664D7 /* RepoItemsViewModel.swift */,
				4AA360AB1FEDF84A001664D7 /* Model.swift */,
				4AA360AD1FEDF853001664D7 /* Service.swift */,
				4AF843491FEDFF30005784C7 /* CellModel.swift */,
				4AF8434B1FEDFF3B005784C7 /* RepoItemViewModel.swift */,
				4AA3607F1FEDF7F5001664D7 /* Main.storyboard */,
				4AA360821FEDF7F5001664D7 /* Assets.xcassets */,
				4AA360841FEDF7F5001664D7 /* LaunchScreen.storyboard */,
				4AA360871FEDF7F5001664D7 /* Info.plist */,
			);
			path = RxMVVM;
			sourceTree = "<group>";
		};
		4AA3608F1FEDF7F5001664D7 /* RxMVVMTests */ = {
			isa = PBXGroup;
			children = (
				4AA360901FEDF7F5001664D7 /* RxMVVMTests.swift */,
				4AA360921FEDF7F5001664D7 /* Info.plist */,
			);
			path = RxMVVMTests;
			sourceTree = "<group>";
		};
		4AA3609A1FEDF7F5001664D7 /* RxMVVMUITests */ = {
			isa = PBXGroup;
			children = (
				4AA3609B1FEDF7F5001664D7 /* RxMVVMUITests.swift */,
				4AA3609D1FEDF7F5001664D7 /* Info.plist */,
			);
			path = RxMVVMUITests;
			sourceTree = "<group>";
		};
		8EB2C417FD9A8A16595373C0 /* Pods */ = {
			isa = PBXGroup;
			children = (
				37F08E62504FFFEFBD99C192 /* Pods-RxMVVM.debug.xcconfig */,
				8FD67F1A6C31E27F4194691F /* Pods-RxMVVM.release.xcconfig */,
				71536051B1E2D4D14E610F62 /* Pods-RxMVVMTests.debug.xcconfig */,
				3E613457EC8F234A10BE9FB9 /* Pods-RxMVVMTests.release.xcconfig */,
				BBF97DC14379ACA2D1221FC2 /* Pods-RxMVVMUITests.debug.xcconfig */,
				0574121A53D6E8D68910ED7B /* Pods-RxMVVMUITests.release.xcconfig */,
			);
			name = Pods;
			sourceTree = "<group>";
		};
		B8C16D98F887E4A78FD8215D /* Frameworks */ = {
			isa = PBXGroup;
			children = (
				3FF3DA5AB5288900DBFCB512 /* Pods_RxMVVM.framework */,
				1865CE2438ACD6E91419808F /* Pods_RxMVVMTests.framework */,
				31465AF4E1CFAA637CEA0D28 /* Pods_RxMVVMUITests.framework */,
			);
			name = Frameworks;
			sourceTree = "<group>";
		};
/* End PBXGroup section */

/* Begin PBXNativeTarget section */
		4AA360771FEDF7F5001664D7 /* RxMVVM */ = {
			isa = PBXNativeTarget;
			buildConfigurationList = 4AA360A01FEDF7F5001664D7 /* Build configuration list for PBXNativeTarget "RxMVVM" */;
			buildPhases = (
				00D498857D778AC1AEAD405C /* [CP] Check Pods Manifest.lock */,
				4AA360741FEDF7F5001664D7 /* Sources */,
				4AA360751FEDF7F5001664D7 /* Frameworks */,
				4AA360761FEDF7F5001664D7 /* Resources */,
				2149D6A010505297B5F81215 /* [CP] Embed Pods Frameworks */,
				72EA7AD87B32DEB4D5538F0E /* [CP] Copy Pods Resources */,
			);
			buildRules = (
			);
			dependencies = (
			);
			name = RxMVVM;
			productName = RxMVVM;
			productReference = 4AA360781FEDF7F5001664D7 /* RxMVVM.app */;
			productType = "com.apple.product-type.application";
		};
		4AA3608B1FEDF7F5001664D7 /* RxMVVMTests */ = {
			isa = PBXNativeTarget;
			buildConfigurationList = 4AA360A31FEDF7F5001664D7 /* Build configuration list for PBXNativeTarget "RxMVVMTests" */;
			buildPhases = (
				3969D870C655F326279B7749 /* [CP] Check Pods Manifest.lock */,
				4AA360881FEDF7F5001664D7 /* Sources */,
				4AA360891FEDF7F5001664D7 /* Frameworks */,
				4AA3608A1FEDF7F5001664D7 /* Resources */,
				143E5772B36C079E3481023D /* [CP] Embed Pods Frameworks */,
				AB154AA38E47A9677EB35DFD /* [CP] Copy Pods Resources */,
			);
			buildRules = (
			);
			dependencies = (
				4AA3608E1FEDF7F5001664D7 /* PBXTargetDependency */,
			);
			name = RxMVVMTests;
			productName = RxMVVMTests;
			productReference = 4AA3608C1FEDF7F5001664D7 /* RxMVVMTests.xctest */;
			productType = "com.apple.product-type.bundle.unit-test";
		};
		4AA360961FEDF7F5001664D7 /* RxMVVMUITests */ = {
			isa = PBXNativeTarget;
			buildConfigurationList = 4AA360A61FEDF7F5001664D7 /* Build configuration list for PBXNativeTarget "RxMVVMUITests" */;
			buildPhases = (
				CCD67BC557966C988511F5CB /* [CP] Check Pods Manifest.lock */,
				4AA360931FEDF7F5001664D7 /* Sources */,
				4AA360941FEDF7F5001664D7 /* Frameworks */,
				4AA360951FEDF7F5001664D7 /* Resources */,
				81601B0A8FC27447C2535AD8 /* [CP] Embed Pods Frameworks */,
				B1A7265EED97DB75B93BBD99 /* [CP] Copy Pods Resources */,
			);
			buildRules = (
			);
			dependencies = (
				4AA360991FEDF7F5001664D7 /* PBXTargetDependency */,
			);
			name = RxMVVMUITests;
			productName = RxMVVMUITests;
			productReference = 4AA360971FEDF7F5001664D7 /* RxMVVMUITests.xctest */;
			productType = "com.apple.product-type.bundle.ui-testing";
		};
/* End PBXNativeTarget section */

/* Begin PBXProject section */
		4AA360701FEDF7F5001664D7 /* Project object */ = {
			isa = PBXProject;
			attributes = {
				LastSwiftUpdateCheck = 0920;
				LastUpgradeCheck = 0920;
				ORGANIZATIONNAME = Lucas;
				TargetAttributes = {
					4AA360771FEDF7F5001664D7 = {
						CreatedOnToolsVersion = 9.2;
						ProvisioningStyle = Automatic;
					};
					4AA3608B1FEDF7F5001664D7 = {
						CreatedOnToolsVersion = 9.2;
						ProvisioningStyle = Automatic;
						TestTargetID = 4AA360771FEDF7F5001664D7;
					};
					4AA360961FEDF7F5001664D7 = {
						CreatedOnToolsVersion = 9.2;
						ProvisioningStyle = Automatic;
						TestTargetID = 4AA360771FEDF7F5001664D7;
					};
				};
			};
			buildConfigurationList = 4AA360731FEDF7F5001664D7 /* Build configuration list for PBXProject "RxMVVM" */;
			compatibilityVersion = "Xcode 8.0";
			developmentRegion = en;
			hasScannedForEncodings = 0;
			knownRegions = (
				en,
				Base,
			);
			mainGroup = 4AA3606F1FEDF7F5001664D7;
			productRefGroup = 4AA360791FEDF7F5001664D7 /* Products */;
			projectDirPath = "";
			projectRoot = "";
			targets = (
				4AA360771FEDF7F5001664D7 /* RxMVVM */,
				4AA3608B1FEDF7F5001664D7 /* RxMVVMTests */,
				4AA360961FEDF7F5001664D7 /* RxMVVMUITests */,
			);
		};
/* End PBXProject section */

/* Begin PBXResourcesBuildPhase section */
		4AA360761FEDF7F5001664D7 /* Resources */ = {
			isa = PBXResourcesBuildPhase;
			buildActionMask = 2147483647;
			files = (
				4AA360861FEDF7F5001664D7 /* LaunchScreen.storyboard in Resources */,
				4AA360831FEDF7F5001664D7 /* Assets.xcassets in Resources */,
				4AA360811FEDF7F5001664D7 /* Main.storyboard in Resources */,
			);
			runOnlyForDeploymentPostprocessing = 0;
		};
		4AA3608A1FEDF7F5001664D7 /* Resources */ = {
			isa = PBXResourcesBuildPhase;
			buildActionMask = 2147483647;
			files = (
			);
			runOnlyForDeploymentPostprocessing = 0;
		};
		4AA360951FEDF7F5001664D7 /* Resources */ = {
			isa = PBXResourcesBuildPhase;
			buildActionMask = 2147483647;
			files = (
			);
			runOnlyForDeploymentPostprocessing = 0;
		};
/* End PBXResourcesBuildPhase section */

/* Begin PBXShellScriptBuildPhase section */
		00D498857D778AC1AEAD405C /* [CP] Check Pods Manifest.lock */ = {
			isa = PBXShellScriptBuildPhase;
			buildActionMask = 2147483647;
			files = (
			);
			inputPaths = (
				"${PODS_PODFILE_DIR_PATH}/Podfile.lock",
				"${PODS_ROOT}/Manifest.lock",
			);
			name = "[CP] Check Pods Manifest.lock";
			outputPaths = (
				"$(DERIVED_FILE_DIR)/Pods-RxMVVM-checkManifestLockResult.txt",
			);
			runOnlyForDeploymentPostprocessing = 0;
			shellPath = /bin/sh;
			shellScript = "diff \"${PODS_PODFILE_DIR_PATH}/Podfile.lock\" \"${PODS_ROOT}/Manifest.lock\" > /dev/null\nif [ $? != 0 ] ; then\n    # print error to STDERR\n    echo \"error: The sandbox is not in sync with the Podfile.lock. Run 'pod install' or update your CocoaPods installation.\" >&2\n    exit 1\nfi\n# This output is used by Xcode 'outputs' to avoid re-running this script phase.\necho \"SUCCESS\" > \"${SCRIPT_OUTPUT_FILE_0}\"\n";
			showEnvVarsInLog = 0;
		};
		143E5772B36C079E3481023D /* [CP] Embed Pods Frameworks */ = {
			isa = PBXShellScriptBuildPhase;
			buildActionMask = 2147483647;
			files = (
			);
			inputPaths = (
			);
			name = "[CP] Embed Pods Frameworks";
			outputPaths = (
			);
			runOnlyForDeploymentPostprocessing = 0;
			shellPath = /bin/sh;
			shellScript = "\"${SRCROOT}/Pods/Target Support Files/Pods-RxMVVMTests/Pods-RxMVVMTests-frameworks.sh\"\n";
			showEnvVarsInLog = 0;
		};
		2149D6A010505297B5F81215 /* [CP] Embed Pods Frameworks */ = {
			isa = PBXShellScriptBuildPhase;
			buildActionMask = 2147483647;
			files = (
			);
			inputPaths = (
				"${SRCROOT}/Pods/Target Support Files/Pods-RxMVVM/Pods-RxMVVM-frameworks.sh",
				"${BUILT_PRODUCTS_DIR}/RxCocoa/RxCocoa.framework",
				"${BUILT_PRODUCTS_DIR}/RxSwift/RxSwift.framework",
			);
			name = "[CP] Embed Pods Frameworks";
			outputPaths = (
				"${TARGET_BUILD_DIR}/${FRAMEWORKS_FOLDER_PATH}/RxCocoa.framework",
				"${TARGET_BUILD_DIR}/${FRAMEWORKS_FOLDER_PATH}/RxSwift.framework",
			);
			runOnlyForDeploymentPostprocessing = 0;
			shellPath = /bin/sh;
			shellScript = "\"${SRCROOT}/Pods/Target Support Files/Pods-RxMVVM/Pods-RxMVVM-frameworks.sh\"\n";
			showEnvVarsInLog = 0;
		};
		3969D870C655F326279B7749 /* [CP] Check Pods Manifest.lock */ = {
			isa = PBXShellScriptBuildPhase;
			buildActionMask = 2147483647;
			files = (
			);
			inputPaths = (
				"${PODS_PODFILE_DIR_PATH}/Podfile.lock",
				"${PODS_ROOT}/Manifest.lock",
			);
			name = "[CP] Check Pods Manifest.lock";
			outputPaths = (
				"$(DERIVED_FILE_DIR)/Pods-RxMVVMTests-checkManifestLockResult.txt",
			);
			runOnlyForDeploymentPostprocessing = 0;
			shellPath = /bin/sh;
			shellScript = "diff \"${PODS_PODFILE_DIR_PATH}/Podfile.lock\" \"${PODS_ROOT}/Manifest.lock\" > /dev/null\nif [ $? != 0 ] ; then\n    # print error to STDERR\n    echo \"error: The sandbox is not in sync with the Podfile.lock. Run 'pod install' or update your CocoaPods installation.\" >&2\n    exit 1\nfi\n# This output is used by Xcode 'outputs' to avoid re-running this script phase.\necho \"SUCCESS\" > \"${SCRIPT_OUTPUT_FILE_0}\"\n";
			showEnvVarsInLog = 0;
		};
		72EA7AD87B32DEB4D5538F0E /* [CP] Copy Pods Resources */ = {
			isa = PBXShellScriptBuildPhase;
			buildActionMask = 2147483647;
			files = (
			);
			inputPaths = (
			);
			name = "[CP] Copy Pods Resources";
			outputPaths = (
			);
			runOnlyForDeploymentPostprocessing = 0;
			shellPath = /bin/sh;
			shellScript = "\"${SRCROOT}/Pods/Target Support Files/Pods-RxMVVM/Pods-RxMVVM-resources.sh\"\n";
			showEnvVarsInLog = 0;
		};
		81601B0A8FC27447C2535AD8 /* [CP] Embed Pods Frameworks */ = {
			isa = PBXShellScriptBuildPhase;
			buildActionMask = 2147483647;
			files = (
			);
			inputPaths = (
			);
			name = "[CP] Embed Pods Frameworks";
			outputPaths = (
			);
			runOnlyForDeploymentPostprocessing = 0;
			shellPath = /bin/sh;
			shellScript = "\"${SRCROOT}/Pods/Target Support Files/Pods-RxMVVMUITests/Pods-RxMVVMUITests-frameworks.sh\"\n";
			showEnvVarsInLog = 0;
		};
		AB154AA38E47A9677EB35DFD /* [CP] Copy Pods Resources */ = {
			isa = PBXShellScriptBuildPhase;
			buildActionMask = 2147483647;
			files = (
			);
			inputPaths = (
			);
			name = "[CP] Copy Pods Resources";
			outputPaths = (
			);
			runOnlyForDeploymentPostprocessing = 0;
			shellPath = /bin/sh;
			shellScript = "\"${SRCROOT}/Pods/Target Support Files/Pods-RxMVVMTests/Pods-RxMVVMTests-resources.sh\"\n";
			showEnvVarsInLog = 0;
		};
		B1A7265EED97DB75B93BBD99 /* [CP] Copy Pods Resources */ = {
			isa = PBXShellScriptBuildPhase;
			buildActionMask = 2147483647;
			files = (
			);
			inputPaths = (
			);
			name = "[CP] Copy Pods Resources";
			outputPaths = (
			);
			runOnlyForDeploymentPostprocessing = 0;
			shellPath = /bin/sh;
			shellScript = "\"${SRCROOT}/Pods/Target Support Files/Pods-RxMVVMUITests/Pods-RxMVVMUITests-resources.sh\"\n";
			showEnvVarsInLog = 0;
		};
		CCD67BC557966C988511F5CB /* [CP] Check Pods Manifest.lock */ = {
			isa = PBXShellScriptBuildPhase;
			buildActionMask = 2147483647;
			files = (
			);
			inputPaths = (
				"${PODS_PODFILE_DIR_PATH}/Podfile.lock",
				"${PODS_ROOT}/Manifest.lock",
			);
			name = "[CP] Check Pods Manifest.lock";
			outputPaths = (
				"$(DERIVED_FILE_DIR)/Pods-RxMVVMUITests-checkManifestLockResult.txt",
			);
			runOnlyForDeploymentPostprocessing = 0;
			shellPath = /bin/sh;
			shellScript = "diff \"${PODS_PODFILE_DIR_PATH}/Podfile.lock\" \"${PODS_ROOT}/Manifest.lock\" > /dev/null\nif [ $? != 0 ] ; then\n    # print error to STDERR\n    echo \"error: The sandbox is not in sync with the Podfile.lock. Run 'pod install' or update your CocoaPods installation.\" >&2\n    exit 1\nfi\n# This output is used by Xcode 'outputs' to avoid re-running this script phase.\necho \"SUCCESS\" > \"${SCRIPT_OUTPUT_FILE_0}\"\n";
			showEnvVarsInLog = 0;
		};
/* End PBXShellScriptBuildPhase section */

/* Begin PBXSourcesBuildPhase section */
		4AA360741FEDF7F5001664D7 /* Sources */ = {
			isa = PBXSourcesBuildPhase;
			buildActionMask = 2147483647;
			files = (
				4AA3607E1FEDF7F5001664D7 /* ViewController.swift in Sources */,
				4AA360AA1FEDF83D001664D7 /* RepoItemsViewModel.swift in Sources */,
				4AA360AE1FEDF853001664D7 /* Service.swift in Sources */,
				4AF8434C1FEDFF3B005784C7 /* RepoItemViewModel.swift in Sources */,
				4AA3607C1FEDF7F5001664D7 /* AppDelegate.swift in Sources */,
				4AA360AC1FEDF84A001664D7 /* Model.swift in Sources */,
				4AF8434A1FEDFF30005784C7 /* CellModel.swift in Sources */,
			);
			runOnlyForDeploymentPostprocessing = 0;
		};
		4AA360881FEDF7F5001664D7 /* Sources */ = {
			isa = PBXSourcesBuildPhase;
			buildActionMask = 2147483647;
			files = (
				4AA360911FEDF7F5001664D7 /* RxMVVMTests.swift in Sources */,
			);
			runOnlyForDeploymentPostprocessing = 0;
		};
		4AA360931FEDF7F5001664D7 /* Sources */ = {
			isa = PBXSourcesBuildPhase;
			buildActionMask = 2147483647;
			files = (
				4AA3609C1FEDF7F5001664D7 /* RxMVVMUITests.swift in Sources */,
			);
			runOnlyForDeploymentPostprocessing = 0;
		};
/* End PBXSourcesBuildPhase section */

/* Begin PBXTargetDependency section */
		4AA3608E1FEDF7F5001664D7 /* PBXTargetDependency */ = {
			isa = PBXTargetDependency;
			target = 4AA360771FEDF7F5001664D7 /* RxMVVM */;
			targetProxy = 4AA3608D1FEDF7F5001664D7 /* PBXContainerItemProxy */;
		};
		4AA360991FEDF7F5001664D7 /* PBXTargetDependency */ = {
			isa = PBXTargetDependency;
			target = 4AA360771FEDF7F5001664D7 /* RxMVVM */;
			targetProxy = 4AA360981FEDF7F5001664D7 /* PBXContainerItemProxy */;
		};
/* End PBXTargetDependency section */

/* Begin PBXVariantGroup section */
		4AA3607F1FEDF7F5001664D7 /* Main.storyboard */ = {
			isa = PBXVariantGroup;
			children = (
				4AA360801FEDF7F5001664D7 /* Base */,
			);
			name = Main.storyboard;
			sourceTree = "<group>";
		};
		4AA360841FEDF7F5001664D7 /* LaunchScreen.storyboard */ = {
			isa = PBXVariantGroup;
			children = (
				4AA360851FEDF7F5001664D7 /* Base */,
			);
			name = LaunchScreen.storyboard;
			sourceTree = "<group>";
		};
/* End PBXVariantGroup section */

/* Begin XCBuildConfiguration section */
		4AA3609E1FEDF7F5001664D7 /* Debug */ = {
			isa = XCBuildConfiguration;
			buildSettings = {
				ALWAYS_SEARCH_USER_PATHS = NO;
				CLANG_ANALYZER_NONNULL = YES;
				CLANG_ANALYZER_NUMBER_OBJECT_CONVERSION = YES_AGGRESSIVE;
				CLANG_CXX_LANGUAGE_STANDARD = "gnu++14";
				CLANG_CXX_LIBRARY = "libc++";
				CLANG_ENABLE_MODULES = YES;
				CLANG_ENABLE_OBJC_ARC = YES;
				CLANG_WARN_BLOCK_CAPTURE_AUTORELEASING = YES;
				CLANG_WARN_BOOL_CONVERSION = YES;
				CLANG_WARN_COMMA = YES;
				CLANG_WARN_CONSTANT_CONVERSION = YES;
				CLANG_WARN_DIRECT_OBJC_ISA_USAGE = YES_ERROR;
				CLANG_WARN_DOCUMENTATION_COMMENTS = YES;
				CLANG_WARN_EMPTY_BODY = YES;
				CLANG_WARN_ENUM_CONVERSION = YES;
				CLANG_WARN_INFINITE_RECURSION = YES;
				CLANG_WARN_INT_CONVERSION = YES;
				CLANG_WARN_NON_LITERAL_NULL_CONVERSION = YES;
				CLANG_WARN_OBJC_LITERAL_CONVERSION = YES;
				CLANG_WARN_OBJC_ROOT_CLASS = YES_ERROR;
				CLANG_WARN_RANGE_LOOP_ANALYSIS = YES;
				CLANG_WARN_STRICT_PROTOTYPES = YES;
				CLANG_WARN_SUSPICIOUS_MOVE = YES;
				CLANG_WARN_UNGUARDED_AVAILABILITY = YES_AGGRESSIVE;
				CLANG_WARN_UNREACHABLE_CODE = YES;
				CLANG_WARN__DUPLICATE_METHOD_MATCH = YES;
				CODE_SIGN_IDENTITY = "iPhone Developer";
				COPY_PHASE_STRIP = NO;
				DEBUG_INFORMATION_FORMAT = dwarf;
				ENABLE_STRICT_OBJC_MSGSEND = YES;
				ENABLE_TESTABILITY = YES;
				GCC_C_LANGUAGE_STANDARD = gnu11;
				GCC_DYNAMIC_NO_PIC = NO;
				GCC_NO_COMMON_BLOCKS = YES;
				GCC_OPTIMIZATION_LEVEL = 0;
				GCC_PREPROCESSOR_DEFINITIONS = (
					"DEBUG=1",
					"$(inherited)",
				);
				GCC_WARN_64_TO_32_BIT_CONVERSION = YES;
				GCC_WARN_ABOUT_RETURN_TYPE = YES_ERROR;
				GCC_WARN_UNDECLARED_SELECTOR = YES;
				GCC_WARN_UNINITIALIZED_AUTOS = YES_AGGRESSIVE;
				GCC_WARN_UNUSED_FUNCTION = YES;
				GCC_WARN_UNUSED_VARIABLE = YES;
				IPHONEOS_DEPLOYMENT_TARGET = 11.2;
				MTL_ENABLE_DEBUG_INFO = YES;
				ONLY_ACTIVE_ARCH = YES;
				SDKROOT = iphoneos;
				SWIFT_ACTIVE_COMPILATION_CONDITIONS = DEBUG;
				SWIFT_OPTIMIZATION_LEVEL = "-Onone";
			};
			name = Debug;
		};
		4AA3609F1FEDF7F5001664D7 /* Release */ = {
			isa = XCBuildConfiguration;
			buildSettings = {
				ALWAYS_SEARCH_USER_PATHS = NO;
				CLANG_ANALYZER_NONNULL = YES;
				CLANG_ANALYZER_NUMBER_OBJECT_CONVERSION = YES_AGGRESSIVE;
				CLANG_CXX_LANGUAGE_STANDARD = "gnu++14";
				CLANG_CXX_LIBRARY = "libc++";
				CLANG_ENABLE_MODULES = YES;
				CLANG_ENABLE_OBJC_ARC = YES;
				CLANG_WARN_BLOCK_CAPTURE_AUTORELEASING = YES;
				CLANG_WARN_BOOL_CONVERSION = YES;
				CLANG_WARN_COMMA = YES;
				CLANG_WARN_CONSTANT_CONVERSION = YES;
				CLANG_WARN_DIRECT_OBJC_ISA_USAGE = YES_ERROR;
				CLANG_WARN_DOCUMENTATION_COMMENTS = YES;
				CLANG_WARN_EMPTY_BODY = YES;
				CLANG_WARN_ENUM_CONVERSION = YES;
				CLANG_WARN_INFINITE_RECURSION = YES;
				CLANG_WARN_INT_CONVERSION = YES;
				CLANG_WARN_NON_LITERAL_NULL_CONVERSION = YES;
				CLANG_WARN_OBJC_LITERAL_CONVERSION = YES;
				CLANG_WARN_OBJC_ROOT_CLASS = YES_ERROR;
				CLANG_WARN_RANGE_LOOP_ANALYSIS = YES;
				CLANG_WARN_STRICT_PROTOTYPES = YES;
				CLANG_WARN_SUSPICIOUS_MOVE = YES;
				CLANG_WARN_UNGUARDED_AVAILABILITY = YES_AGGRESSIVE;
				CLANG_WARN_UNREACHABLE_CODE = YES;
				CLANG_WARN__DUPLICATE_METHOD_MATCH = YES;
				CODE_SIGN_IDENTITY = "iPhone Developer";
				COPY_PHASE_STRIP = NO;
				DEBUG_INFORMATION_FORMAT = "dwarf-with-dsym";
				ENABLE_NS_ASSERTIONS = NO;
				ENABLE_STRICT_OBJC_MSGSEND = YES;
				GCC_C_LANGUAGE_STANDARD = gnu11;
				GCC_NO_COMMON_BLOCKS = YES;
				GCC_WARN_64_TO_32_BIT_CONVERSION = YES;
				GCC_WARN_ABOUT_RETURN_TYPE = YES_ERROR;
				GCC_WARN_UNDECLARED_SELECTOR = YES;
				GCC_WARN_UNINITIALIZED_AUTOS = YES_AGGRESSIVE;
				GCC_WARN_UNUSED_FUNCTION = YES;
				GCC_WARN_UNUSED_VARIABLE = YES;
				IPHONEOS_DEPLOYMENT_TARGET = 11.2;
				MTL_ENABLE_DEBUG_INFO = NO;
				SDKROOT = iphoneos;
				SWIFT_OPTIMIZATION_LEVEL = "-Owholemodule";
				VALIDATE_PRODUCT = YES;
			};
			name = Release;
		};
		4AA360A11FEDF7F5001664D7 /* Debug */ = {
			isa = XCBuildConfiguration;
			baseConfigurationReference = 37F08E62504FFFEFBD99C192 /* Pods-RxMVVM.debug.xcconfig */;
			buildSettings = {
				ASSETCATALOG_COMPILER_APPICON_NAME = AppIcon;
				CODE_SIGN_STYLE = Automatic;
				INFOPLIST_FILE = RxMVVM/Info.plist;
				LD_RUNPATH_SEARCH_PATHS = "$(inherited) @executable_path/Frameworks";
				PRODUCT_BUNDLE_IDENTIFIER = com.mashup.RxMVVM;
				PRODUCT_NAME = "$(TARGET_NAME)";
				SWIFT_VERSION = 4.0;
				TARGETED_DEVICE_FAMILY = "1,2";
			};
			name = Debug;
		};
		4AA360A21FEDF7F5001664D7 /* Release */ = {
			isa = XCBuildConfiguration;
			baseConfigurationReference = 8FD67F1A6C31E27F4194691F /* Pods-RxMVVM.release.xcconfig */;
			buildSettings = {
				ASSETCATALOG_COMPILER_APPICON_NAME = AppIcon;
				CODE_SIGN_STYLE = Automatic;
				INFOPLIST_FILE = RxMVVM/Info.plist;
				LD_RUNPATH_SEARCH_PATHS = "$(inherited) @executable_path/Frameworks";
				PRODUCT_BUNDLE_IDENTIFIER = com.mashup.RxMVVM;
				PRODUCT_NAME = "$(TARGET_NAME)";
				SWIFT_VERSION = 4.0;
				TARGETED_DEVICE_FAMILY = "1,2";
			};
			name = Release;
		};
		4AA360A41FEDF7F5001664D7 /* Debug */ = {
			isa = XCBuildConfiguration;
			baseConfigurationReference = 71536051B1E2D4D14E610F62 /* Pods-RxMVVMTests.debug.xcconfig */;
			buildSettings = {
				ALWAYS_EMBED_SWIFT_STANDARD_LIBRARIES = YES;
				BUNDLE_LOADER = "$(TEST_HOST)";
				CODE_SIGN_STYLE = Automatic;
				INFOPLIST_FILE = RxMVVMTests/Info.plist;
				LD_RUNPATH_SEARCH_PATHS = "$(inherited) @executable_path/Frameworks @loader_path/Frameworks";
				PRODUCT_BUNDLE_IDENTIFIER = com.mashup.RxMVVMTests;
				PRODUCT_NAME = "$(TARGET_NAME)";
				SWIFT_VERSION = 4.0;
				TARGETED_DEVICE_FAMILY = "1,2";
				TEST_HOST = "$(BUILT_PRODUCTS_DIR)/RxMVVM.app/RxMVVM";
			};
			name = Debug;
		};
		4AA360A51FEDF7F5001664D7 /* Release */ = {
			isa = XCBuildConfiguration;
			baseConfigurationReference = 3E613457EC8F234A10BE9FB9 /* Pods-RxMVVMTests.release.xcconfig */;
			buildSettings = {
				ALWAYS_EMBED_SWIFT_STANDARD_LIBRARIES = YES;
				BUNDLE_LOADER = "$(TEST_HOST)";
				CODE_SIGN_STYLE = Automatic;
				INFOPLIST_FILE = RxMVVMTests/Info.plist;
				LD_RUNPATH_SEARCH_PATHS = "$(inherited) @executable_path/Frameworks @loader_path/Frameworks";
				PRODUCT_BUNDLE_IDENTIFIER = com.mashup.RxMVVMTests;
				PRODUCT_NAME = "$(TARGET_NAME)";
				SWIFT_VERSION = 4.0;
				TARGETED_DEVICE_FAMILY = "1,2";
				TEST_HOST = "$(BUILT_PRODUCTS_DIR)/RxMVVM.app/RxMVVM";
			};
			name = Release;
		};
		4AA360A71FEDF7F5001664D7 /* Debug */ = {
			isa = XCBuildConfiguration;
			baseConfigurationReference = BBF97DC14379ACA2D1221FC2 /* Pods-RxMVVMUITests.debug.xcconfig */;
			buildSettings = {
				ALWAYS_EMBED_SWIFT_STANDARD_LIBRARIES = YES;
				CODE_SIGN_STYLE = Automatic;
				INFOPLIST_FILE = RxMVVMUITests/Info.plist;
				LD_RUNPATH_SEARCH_PATHS = "$(inherited) @executable_path/Frameworks @loader_path/Frameworks";
				PRODUCT_BUNDLE_IDENTIFIER = com.mashup.RxMVVMUITests;
				PRODUCT_NAME = "$(TARGET_NAME)";
				SWIFT_VERSION = 4.0;
				TARGETED_DEVICE_FAMILY = "1,2";
				TEST_TARGET_NAME = RxMVVM;
			};
			name = Debug;
		};
		4AA360A81FEDF7F5001664D7 /* Release */ = {
			isa = XCBuildConfiguration;
			baseConfigurationReference = 0574121A53D6E8D68910ED7B /* Pods-RxMVVMUITests.release.xcconfig */;
			buildSettings = {
				ALWAYS_EMBED_SWIFT_STANDARD_LIBRARIES = YES;
				CODE_SIGN_STYLE = Automatic;
				INFOPLIST_FILE = RxMVVMUITests/Info.plist;
				LD_RUNPATH_SEARCH_PATHS = "$(inherited) @executable_path/Frameworks @loader_path/Frameworks";
				PRODUCT_BUNDLE_IDENTIFIER = com.mashup.RxMVVMUITests;
				PRODUCT_NAME = "$(TARGET_NAME)";
				SWIFT_VERSION = 4.0;
				TARGETED_DEVICE_FAMILY = "1,2";
				TEST_TARGET_NAME = RxMVVM;
			};
			name = Release;
		};
/* End XCBuildConfiguration section */

/* Begin XCConfigurationList section */
		4AA360731FEDF7F5001664D7 /* Build configuration list for PBXProject "RxMVVM" */ = {
			isa = XCConfigurationList;
			buildConfigurations = (
				4AA3609E1FEDF7F5001664D7 /* Debug */,
				4AA3609F1FEDF7F5001664D7 /* Release */,
			);
			defaultConfigurationIsVisible = 0;
			defaultConfigurationName = Release;
		};
		4AA360A01FEDF7F5001664D7 /* Build configuration list for PBXNativeTarget "RxMVVM" */ = {
			isa = XCConfigurationList;
			buildConfigurations = (
				4AA360A11FEDF7F5001664D7 /* Debug */,
				4AA360A21FEDF7F5001664D7 /* Release */,
			);
			defaultConfigurationIsVisible = 0;
			defaultConfigurationName = Release;
		};
		4AA360A31FEDF7F5001664D7 /* Build configuration list for PBXNativeTarget "RxMVVMTests" */ = {
			isa = XCConfigurationList;
			buildConfigurations = (
				4AA360A41FEDF7F5001664D7 /* Debug */,
				4AA360A51FEDF7F5001664D7 /* Release */,
			);
			defaultConfigurationIsVisible = 0;
			defaultConfigurationName = Release;
		};
		4AA360A61FEDF7F5001664D7 /* Build configuration list for PBXNativeTarget "RxMVVMUITests" */ = {
			isa = XCConfigurationList;
			buildConfigurations = (
				4AA360A71FEDF7F5001664D7 /* Debug */,
				4AA360A81FEDF7F5001664D7 /* Release */,
			);
			defaultConfigurationIsVisible = 0;
			defaultConfigurationName = Release;
		};
/* End XCConfigurationList section */
	};
	rootObject = 4AA360701FEDF7F5001664D7 /* Project object */;
}
